
Microsoft Visual Studio Solution File, Format Version 10.00
# Visual Studio 2008
Project("{D183A3D8-5FD8-494B-B014-37F57B35E655}") = "SSIS_TEST_ONE_TIME", "SSIS_TEST_ONE_TIME\SSIS_TEST_ONE_TIME.dtproj", "{B5C38D46-69FC-4574-B19B-D8DD9372F477}"
EndProject
Global
	GlobalSection(SolutionConfigurationPlatforms) = preSolution
		Development|Default = Development|Default
	EndGlobalSection
	GlobalSection(ProjectConfigurationPlatforms) = postSolution
		{B5C38D46-69FC-4574-B19B-D8DD9372F477}.Development|Default.ActiveCfg = Development
		{B5C38D46-69FC-4574-B19B-D8DD9372F477}.Development|Default.Build.0 = Development
	EndGlobalSection
	GlobalSection(SolutionProperties) = preSolution
		HideSolutionNode = FALSE
	EndGlobalSection
EndGlobal
